// !$*UTF8*$!
{
	archiveVersion = 1;
	classes = {
	};
	objectVersion = 56;
	objects = {

/* Begin PBXBuildFile section */
		D5950EA62AEDAF1700DE14B4 /* AppDelegate.swift in Sources */ = {isa = PBXBuildFile; fileRef = D5950EA52AEDAF1700DE14B4 /* AppDelegate.swift */; };
		D5950EA82AEDAF1700DE14B4 /* SceneDelegate.swift in Sources */ = {isa = PBXBuildFile; fileRef = D5950EA72AEDAF1700DE14B4 /* SceneDelegate.swift */; };
		D5950EAA2AEDAF1700DE14B4 /* ViewController.swift in Sources */ = {isa = PBXBuildFile; fileRef = D5950EA92AEDAF1700DE14B4 /* ViewController.swift */; };
		D5950EAD2AEDAF1700DE14B4 /* Main.storyboard in Resources */ = {isa = PBXBuildFile; fileRef = D5950EAB2AEDAF1700DE14B4 /* Main.storyboard */; };
		D5950EAF2AEDAF2200DE14B4 /* Assets.xcassets in Resources */ = {isa = PBXBuildFile; fileRef = D5950EAE2AEDAF2200DE14B4 /* Assets.xcassets */; };
		D5950EB22AEDAF2200DE14B4 /* LaunchScreen.storyboard in Resources */ = {isa = PBXBuildFile; fileRef = D5950EB02AEDAF2200DE14B4 /* LaunchScreen.storyboard */; };
		D5950EBE2AF05F4700DE14B4 /* DetailViewController.swift in Sources */ = {isa = PBXBuildFile; fileRef = D5950EBD2AF05F4700DE14B4 /* DetailViewController.swift */; };
		D5F859A92AF072D500EB1368 /* Article.swift in Sources */ = {isa = PBXBuildFile; fileRef = D5F859A82AF072D500EB1368 /* Article.swift */; };
/* End PBXBuildFile section */

/* Begin PBXFileReference section */
		D5950EA22AEDAF1700DE14B4 /* P06-ArtInstitute.app */ = {isa = PBXFileReference; explicitFileType = wrapper.application; includeInIndex = 0; path = "P06-ArtInstitute.app"; sourceTree = BUILT_PRODUCTS_DIR; };
		D5950EA52AEDAF1700DE14B4 /* AppDelegate.swift */ = {isa = PBXFileReference; lastKnownFileType = sourcecode.swift; path = AppDelegate.swift; sourceTree = "<group>"; };
		D5950EA72AEDAF1700DE14B4 /* SceneDelegate.swift */ = {isa = PBXFileReference; lastKnownFileType = sourcecode.swift; path = SceneDelegate.swift; sourceTree = "<group>"; };
		D5950EA92AEDAF1700DE14B4 /* ViewController.swift */ = {isa = PBXFileReference; lastKnownFileType = sourcecode.swift; path = ViewController.swift; sourceTree = "<group>"; };
		D5950EAC2AEDAF1700DE14B4 /* Base */ = {isa = PBXFileReference; lastKnownFileType = file.storyboard; name = Base; path = Base.lproj/Main.storyboard; sourceTree = "<group>"; };
		D5950EAE2AEDAF2200DE14B4 /* Assets.xcassets */ = {isa = PBXFileReference; lastKnownFileType = folder.assetcatalog; path = Assets.xcassets; sourceTree = "<group>"; };
		D5950EB12AEDAF2200DE14B4 /* Base */ = {isa = PBXFileReference; lastKnownFileType = file.storyboard; name = Base; path = Base.lproj/LaunchScreen.storyboard; sourceTree = "<group>"; };
		D5950EB32AEDAF2200DE14B4 /* Info.plist */ = {isa = PBXFileReference; lastKnownFileType = text.plist.xml; path = Info.plist; sourceTree = "<group>"; };
		D5950EBD2AF05F4700DE14B4 /* DetailViewController.swift */ = {isa = PBXFileReference; lastKnownFileType = sourcecode.swift; path = DetailViewController.swift; sourceTree = "<group>"; };
		D5F859A82AF072D500EB1368 /* Article.swift */ = {isa = PBXFileReference; lastKnownFileType = sourcecode.swift; path = Article.swift; sourceTree = "<group>"; };
/* End PBXFileReference section */

/* Begin PBXFrameworksBuildPhase section */
		D5950E9F2AEDAF1700DE14B4 /* Frameworks */ = {
			isa = PBXFrameworksBuildPhase;
			buildActionMask = 2147483647;
			files = (
			);
			runOnlyForDeploymentPostprocessing = 0;
		};
/* End PBXFrameworksBuildPhase section */

/* Begin PBXGroup section */
		D5950E992AEDAF1700DE14B4 = {
			isa = PBXGroup;
			children = (
				D5950EA42AEDAF1700DE14B4 /* P06-ArtInstitute */,
				D5950EA32AEDAF1700DE14B4 /* Products */,
			);
			sourceTree = "<group>";
		};
		D5950EA32AEDAF1700DE14B4 /* Products */ = {
			isa = PBXGroup;
			children = (
				D5950EA22AEDAF1700DE14B4 /* P06-ArtInstitute.app */,
			);
			name = Products;
			sourceTree = "<group>";
		};
		D5950EA42AEDAF1700DE14B4 /* P06-ArtInstitute */ = {
			isa = PBXGroup;
			children = (
				D5950EA52AEDAF1700DE14B4 /* AppDelegate.swift */,
				D5950EA72AEDAF1700DE14B4 /* SceneDelegate.swift */,
				D5950EA92AEDAF1700DE14B4 /* ViewController.swift */,
				D5950EBD2AF05F4700DE14B4 /* DetailViewController.swift */,
				D5F859A82AF072D500EB1368 /* Article.swift */,
				D5950EAB2AEDAF1700DE14B4 /* Main.storyboard */,
				D5950EAE2AEDAF2200DE14B4 /* Assets.xcassets */,
				D5950EB02AEDAF2200DE14B4 /* LaunchScreen.storyboard */,
				D5950EB32AEDAF2200DE14B4 /* Info.plist */,
			);
			path = "P06-ArtInstitute";
			sourceTree = "<group>";
		};
/* End PBXGroup section */

/* Begin PBXNativeTarget section */
		D5950EA12AEDAF1700DE14B4 /* P06-ArtInstitute */ = {
			isa = PBXNativeTarget;
			buildConfigurationList = D5950EB62AEDAF2200DE14B4 /* Build configuration list for PBXNativeTarget "P06-ArtInstitute" */;
			buildPhases = (
				D5950E9E2AEDAF1700DE14B4 /* Sources */,
				D5950E9F2AEDAF1700DE14B4 /* Frameworks */,
				D5950EA02AEDAF1700DE14B4 /* Resources */,
			);
			buildRules = (
			);
			dependencies = (
			);
			name = "P06-ArtInstitute";
			productName = "P06-ArtInstitute";
			productReference = D5950EA22AEDAF1700DE14B4 /* P06-ArtInstitute.app */;
			productType = "com.apple.product-type.application";
		};
/* End PBXNativeTarget section */

/* Begin PBXProject section */
		D5950E9A2AEDAF1700DE14B4 /* Project object */ = {
			isa = PBXProject;
			attributes = {
				BuildIndependentTargetsInParallel = 1;
				LastSwiftUpdateCheck = 1500;
				LastUpgradeCheck = 1500;
				TargetAttributes = {
					D5950EA12AEDAF1700DE14B4 = {
						CreatedOnToolsVersion = 15.0.1;
					};
				};
			};
			buildConfigurationList = D5950E9D2AEDAF1700DE14B4 /* Build configuration list for PBXProject "P06-ArtInstitute" */;
			compatibilityVersion = "Xcode 14.0";
			developmentRegion = en;
			hasScannedForEncodings = 0;
			knownRegions = (
				en,
				Base,
			);
			mainGroup = D5950E992AEDAF1700DE14B4;
			productRefGroup = D5950EA32AEDAF1700DE14B4 /* Products */;
			projectDirPath = "";
			projectRoot = "";
			targets = (
				D5950EA12AEDAF1700DE14B4 /* P06-ArtInstitute */,
			);
		};
/* End PBXProject section */

/* Begin PBXResourcesBuildPhase section */
		D5950EA02AEDAF1700DE14B4 /* Resources */ = {
			isa = PBXResourcesBuildPhase;
			buildActionMask = 2147483647;
			files = (
				D5950EB22AEDAF2200DE14B4 /* LaunchScreen.storyboard in Resources */,
				D5950EAF2AEDAF2200DE14B4 /* Assets.xcassets in Resources */,
				D5950EAD2AEDAF1700DE14B4 /* Main.storyboard in Resources */,
			);
			runOnlyForDeploymentPostprocessing = 0;
		};
/* End PBXResourcesBuildPhase section */

/* Begin PBXSourcesBuildPhase section */
		D5950E9E2AEDAF1700DE14B4 /* Sources */ = {
			isa = PBXSourcesBuildPhase;
			buildActionMask = 2147483647;
			files = (
				D5950EAA2AEDAF1700DE14B4 /* ViewController.swift in Sources */,
				D5950EA62AEDAF1700DE14B4 /* AppDelegate.swift in Sources */,
				D5F859A92AF072D500EB1368 /* Article.swift in Sources */,
				D5950EBE2AF05F4700DE14B4 /* DetailViewController.swift in Sources */,
				D5950EA82AEDAF1700DE14B4 /* SceneDelegate.swift in Sources */,
			);
			runOnlyForDeploymentPostprocessing = 0;
		};
/* End PBXSourcesBuildPhase section */

/* Begin PBXVariantGroup section */
		D5950EAB2AEDAF1700DE14B4 /* Main.storyboard */ = {
			isa = PBXVariantGroup;
			children = (
				D5950EAC2AEDAF1700DE14B4 /* Base */,
			);
			name = Main.storyboard;
			sourceTree = "<group>";
		};
		D5950EB02AEDAF2200DE14B4 /* LaunchScreen.storyboard */ = {
			isa = PBXVariantGroup;
			children = (
				D5950EB12AEDAF2200DE14B4 /* Base */,
			);
			name = LaunchScreen.storyboard;
			sourceTree = "<group>";
		};
/* End PBXVariantGroup section */

/* Begin XCBuildConfiguration section */
		D5950EB42AEDAF2200DE14B4 /* Debug */ = {
			isa = XCBuildConfiguration;
			buildSettings = {
				ALWAYS_SEARCH_USER_PATHS = NO;
				ASSETCATALOG_COMPILER_GENERATE_SWIFT_ASSET_SYMBOL_EXTENSIONS = YES;
				CLANG_ANALYZER_NONNULL = YES;
				CLANG_ANALYZER_NUMBER_OBJECT_CONVERSION = YES_AGGRESSIVE;
				CLANG_CXX_LANGUAGE_STANDARD = "gnu++20";
				CLANG_ENABLE_MODULES = YES;
				CLANG_ENABLE_OBJC_ARC = YES;
				CLANG_ENABLE_OBJC_WEAK = YES;
				CLANG_WARN_BLOCK_CAPTURE_AUTORELEASING = YES;
				CLANG_WARN_BOOL_CONVERSION = YES;
				CLANG_WARN_COMMA = YES;
				CLANG_WARN_CONSTANT_CONVERSION = YES;
				CLANG_WARN_DEPRECATED_OBJC_IMPLEMENTATIONS = YES;
				CLANG_WARN_DIRECT_OBJC_ISA_USAGE = YES_ERROR;
				CLANG_WARN_DOCUMENTATION_COMMENTS = YES;
				CLANG_WARN_EMPTY_BODY = YES;
				CLANG_WARN_ENUM_CONVERSION = YES;
				CLANG_WARN_INFINITE_RECURSION = YES;
				CLANG_WARN_INT_CONVERSION = YES;
				CLANG_WARN_NON_LITERAL_NULL_CONVERSION = YES;
				CLANG_WARN_OBJC_IMPLICIT_RETAIN_SELF = YES;
				CLANG_WARN_OBJC_LITERAL_CONVERSION = YES;
				CLANG_WARN_OBJC_ROOT_CLASS = YES_ERROR;
				CLANG_WARN_QUOTED_INCLUDE_IN_FRAMEWORK_HEADER = YES;
				CLANG_WARN_RANGE_LOOP_ANALYSIS = YES;
				CLANG_WARN_STRICT_PROTOTYPES = YES;
				CLANG_WARN_SUSPICIOUS_MOVE = YES;
				CLANG_WARN_UNGUARDED_AVAILABILITY = YES_AGGRESSIVE;
				CLANG_WARN_UNREACHABLE_CODE = YES;
				CLANG_WARN__DUPLICATE_METHOD_MATCH = YES;
				COPY_PHASE_STRIP = NO;
				DEBUG_INFORMATION_FORMAT = dwarf;
				ENABLE_STRICT_OBJC_MSGSEND = YES;
				ENABLE_TESTABILITY = YES;
				ENABLE_USER_SCRIPT_SANDBOXING = YES;
				GCC_C_LANGUAGE_STANDARD = gnu17;
				GCC_DYNAMIC_NO_PIC = NO;
				GCC_NO_COMMON_BLOCKS = YES;
				GCC_OPTIMIZATION_LEVEL = 0;
				GCC_PREPROCESSOR_DEFINITIONS = (
					"DEBUG=1",
					"$(inherited)",
				);
				GCC_WARN_64_TO_32_BIT_CONVERSION = YES;
				GCC_WARN_ABOUT_RETURN_TYPE = YES_ERROR;
				GCC_WARN_UNDECLARED_SELECTOR = YES;
				GCC_WARN_UNINITIALIZED_AUTOS = YES_AGGRESSIVE;
				GCC_WARN_UNUSED_FUNCTION = YES;
				GCC_WARN_UNUSED_VARIABLE = YES;
				IPHONEOS_DEPLOYMENT_TARGET = 17.0;
				LOCALIZATION_PREFERS_STRING_CATALOGS = YES;
				MTL_ENABLE_DEBUG_INFO = INCLUDE_SOURCE;
				MTL_FAST_MATH = YES;
				ONLY_ACTIVE_ARCH = YES;
				SDKROOT = iphoneos;
				SWIFT_ACTIVE_COMPILATION_CONDITIONS = "DEBUG $(inherited)";
				SWIFT_OPTIMIZATION_LEVEL = "-Onone";
			};
			name = Debug;
		};
		D5950EB52AEDAF2200DE14B4 /* Release */ = {
			isa = XCBuildConfiguration;
			buildSettings = {
				ALWAYS_SEARCH_USER_PATHS = NO;
				ASSETCATALOG_COMPILER_GENERATE_SWIFT_ASSET_SYMBOL_EXTENSIONS = YES;
				CLANG_ANALYZER_NONNULL = YES;
				CLANG_ANALYZER_NUMBER_OBJECT_CONVERSION = YES_AGGRESSIVE;
				CLANG_CXX_LANGUAGE_STANDARD = "gnu++20";
				CLANG_ENABLE_MODULES = YES;
				CLANG_ENABLE_OBJC_ARC = YES;
				CLANG_ENABLE_OBJC_WEAK = YES;
				CLANG_WARN_BLOCK_CAPTURE_AUTORELEASING = YES;
				CLANG_WARN_BOOL_CONVERSION = YES;
				CLANG_WARN_COMMA = YES;
				CLANG_WARN_CONSTANT_CONVERSION = YES;
				CLANG_WARN_DEPRECATED_OBJC_IMPLEMENTATIONS = YES;
				CLANG_WARN_DIRECT_OBJC_ISA_USAGE = YES_ERROR;
				CLANG_WARN_DOCUMENTATION_COMMENTS = YES;
				CLANG_WARN_EMPTY_BODY = YES;
				CLANG_WARN_ENUM_CONVERSION = YES;
				CLANG_WARN_INFINITE_RECURSION = YES;
				CLANG_WARN_INT_CONVERSION = YES;
				CLANG_WARN_NON_LITERAL_NULL_CONVERSION = YES;
				CLANG_WARN_OBJC_IMPLICIT_RETAIN_SELF = YES;
				CLANG_WARN_OBJC_LITERAL_CONVERSION = YES;
				CLANG_WARN_OBJC_ROOT_CLASS = YES_ERROR;
				CLANG_WARN_QUOTED_INCLUDE_IN_FRAMEWORK_HEADER = YES;
				CLANG_WARN_RANGE_LOOP_ANALYSIS = YES;
				CLANG_WARN_STRICT_PROTOTYPES = YES;
				CLANG_WARN_SUSPICIOUS_MOVE = YES;
				CLANG_WARN_UNGUARDED_AVAILABILITY = YES_AGGRESSIVE;
				CLANG_WARN_UNREACHABLE_CODE = YES;
				CLANG_WARN__DUPLICATE_METHOD_MATCH = YES;
				COPY_PHASE_STRIP = NO;
				DEBUG_INFORMATION_FORMAT = "dwarf-with-dsym";
				ENABLE_NS_ASSERTIONS = NO;
				ENABLE_STRICT_OBJC_MSGSEND = YES;
				ENABLE_USER_SCRIPT_SANDBOXING = YES;
				GCC_C_LANGUAGE_STANDARD = gnu17;
				GCC_NO_COMMON_BLOCKS = YES;
				GCC_WARN_64_TO_32_BIT_CONVERSION = YES;
				GCC_WARN_ABOUT_RETURN_TYPE = YES_ERROR;
				GCC_WARN_UNDECLARED_SELECTOR = YES;
				GCC_WARN_UNINITIALIZED_AUTOS = YES_AGGRESSIVE;
				GCC_WARN_UNUSED_FUNCTION = YES;
				GCC_WARN_UNUSED_VARIABLE = YES;
				IPHONEOS_DEPLOYMENT_TARGET = 17.0;
				LOCALIZATION_PREFERS_STRING_CATALOGS = YES;
				MTL_ENABLE_DEBUG_INFO = NO;
				MTL_FAST_MATH = YES;
				SDKROOT = iphoneos;
				SWIFT_COMPILATION_MODE = wholemodule;
				VALIDATE_PRODUCT = YES;
			};
			name = Release;
		};
		D5950EB72AEDAF2200DE14B4 /* Debug */ = {
			isa = XCBuildConfiguration;
			buildSettings = {
				ASSETCATALOG_COMPILER_APPICON_NAME = AppIcon;
				ASSETCATALOG_COMPILER_GLOBAL_ACCENT_COLOR_NAME = AccentColor;
				CODE_SIGN_STYLE = Automatic;
				CURRENT_PROJECT_VERSION = 1;
				GENERATE_INFOPLIST_FILE = YES;
				INFOPLIST_FILE = "P06-ArtInstitute/Info.plist";
				INFOPLIST_KEY_UIApplicationSupportsIndirectInputEvents = YES;
				INFOPLIST_KEY_UILaunchStoryboardName = LaunchScreen;
				INFOPLIST_KEY_UIMainStoryboardFile = Main;
				INFOPLIST_KEY_UISupportedInterfaceOrientations_iPad = "UIInterfaceOrientationPortrait UIInterfaceOrientationPortraitUpsideDown UIInterfaceOrientationLandscapeLeft UIInterfaceOrientationLandscapeRight";
				INFOPLIST_KEY_UISupportedInterfaceOrientations_iPhone = "UIInterfaceOrientationPortrait UIInterfaceOrientationLandscapeLeft UIInterfaceOrientationLandscapeRight";
				IPHONEOS_DEPLOYMENT_TARGET = 15.0;
				LD_RUNPATH_SEARCH_PATHS = (
					"$(inherited)",
					"@executable_path/Frameworks",
				);
				MARKETING_VERSION = 1.0;
				PRODUCT_BUNDLE_IDENTIFIER = "com.battian.P06-ArtInstitute";
				PRODUCT_NAME = "$(TARGET_NAME)";
				SWIFT_EMIT_LOC_STRINGS = YES;
				SWIFT_VERSION = 5.0;
				TARGETED_DEVICE_FAMILY = "1,2";
			};
			name = Debug;
		};
		D5950EB82AEDAF2200DE14B4 /* Release */ = {
			isa = XCBuildConfiguration;
			buildSettings = {
				ASSETCATALOG_COMPILER_APPICON_NAME = AppIcon;
				ASSETCATALOG_COMPILER_GLOBAL_ACCENT_COLOR_NAME = AccentColor;
				CODE_SIGN_STYLE = Automatic;
				CURRENT_PROJECT_VERSION = 1;
				GENERATE_INFOPLIST_FILE = YES;
				INFOPLIST_FILE = "P06-ArtInstitute/Info.plist";
				INFOPLIST_KEY_UIApplicationSupportsIndirectInputEvents = YES;
				INFOPLIST_KEY_UILaunchStoryboardName = LaunchScreen;
				INFOPLIST_KEY_UIMainStoryboardFile = Main;
				INFOPLIST_KEY_UISupportedInterfaceOrientations_iPad = "UIInterfaceOrientationPortrait UIInterfaceOrientationPortraitUpsideDown UIInterfaceOrientationLandscapeLeft UIInterfaceOrientationLandscapeRight";
				INFOPLIST_KEY_UISupportedInterfaceOrientations_iPhone = "UIInterfaceOrientationPortrait UIInterfaceOrientationLandscapeLeft UIInterfaceOrientationLandscapeRight";
				IPHONEOS_DEPLOYMENT_TARGET = 15.0;
				LD_RUNPATH_SEARCH_PATHS = (
					"$(inherited)",
					"@executable_path/Frameworks",
				);
				MARKETING_VERSION = 1.0;
				PRODUCT_BUNDLE_IDENTIFIER = "com.battian.P06-ArtInstitute";
				PRODUCT_NAME = "$(TARGET_NAME)";
				SWIFT_EMIT_LOC_STRINGS = YES;
				SWIFT_VERSION = 5.0;
				TARGETED_DEVICE_FAMILY = "1,2";
			};
			name = Release;
		};
/* End XCBuildConfiguration section */

/* Begin XCConfigurationList section */
		D5950E9D2AEDAF1700DE14B4 /* Build configuration list for PBXProject "P06-ArtInstitute" */ = {
			isa = XCConfigurationList;
			buildConfigurations = (
				D5950EB42AEDAF2200DE14B4 /* Debug */,
				D5950EB52AEDAF2200DE14B4 /* Release */,
			);
			defaultConfigurationIsVisible = 0;
			defaultConfigurationName = Release;
		};
		D5950EB62AEDAF2200DE14B4 /* Build configuration list for PBXNativeTarget "P06-ArtInstitute" */ = {
			isa = XCConfigurationList;
			buildConfigurations = (
				D5950EB72AEDAF2200DE14B4 /* Debug */,
				D5950EB82AEDAF2200DE14B4 /* Release */,
			);
			defaultConfigurationIsVisible = 0;
			defaultConfigurationName = Release;
		};
/* End XCConfigurationList section */
	};
	rootObject = D5950E9A2AEDAF1700DE14B4 /* Project object */;
}
