// !$*UTF8*$!
{
	archiveVersion = 1;
	classes = {
	};
	objectVersion = 56;
	objects = {

/* Begin PBXBuildFile section */
		D50B3FA12AD759440011B1BF /* AppDelegate.swift in Sources */ = {isa = PBXBuildFile; fileRef = D50B3FA02AD759440011B1BF /* AppDelegate.swift */; };
		D50B3FA32AD759440011B1BF /* SceneDelegate.swift in Sources */ = {isa = PBXBuildFile; fileRef = D50B3FA22AD759440011B1BF /* SceneDelegate.swift */; };
		D50B3FA52AD759440011B1BF /* ViewController.swift in Sources */ = {isa = PBXBuildFile; fileRef = D50B3FA42AD759440011B1BF /* ViewController.swift */; };
		D50B3FA82AD759440011B1BF /* Main.storyboard in Resources */ = {isa = PBXBuildFile; fileRef = D50B3FA62AD759440011B1BF /* Main.storyboard */; };
		D50B3FAA2AD759460011B1BF /* Assets.xcassets in Resources */ = {isa = PBXBuildFile; fileRef = D50B3FA92AD759460011B1BF /* Assets.xcassets */; };
		D50B3FAD2AD759460011B1BF /* LaunchScreen.storyboard in Resources */ = {isa = PBXBuildFile; fileRef = D50B3FAB2AD759460011B1BF /* LaunchScreen.storyboard */; };
		D50B3FB52AD75A0C0011B1BF /* ImageViewController.swift in Sources */ = {isa = PBXBuildFile; fileRef = D50B3FB42AD75A0C0011B1BF /* ImageViewController.swift */; };
		D59F44ED2AD7642700B05295 /* Dog.jpg in Resources */ = {isa = PBXBuildFile; fileRef = D59F44DF2AD7642600B05295 /* Dog.jpg */; };
		D59F44EE2AD7642700B05295 /* Dodo.jpg in Resources */ = {isa = PBXBuildFile; fileRef = D59F44E02AD7642600B05295 /* Dodo.jpg */; };
		D59F44EF2AD7642700B05295 /* Elephant.jpg in Resources */ = {isa = PBXBuildFile; fileRef = D59F44E12AD7642600B05295 /* Elephant.jpg */; };
		D59F44F02AD7642700B05295 /* Platypus.jpg in Resources */ = {isa = PBXBuildFile; fileRef = D59F44E22AD7642600B05295 /* Platypus.jpg */; };
		D59F44F12AD7642700B05295 /* Octopus.jpg in Resources */ = {isa = PBXBuildFile; fileRef = D59F44E32AD7642600B05295 /* Octopus.jpg */; };
		D59F44F22AD7642700B05295 /* Kangaroo.jpg in Resources */ = {isa = PBXBuildFile; fileRef = D59F44E42AD7642600B05295 /* Kangaroo.jpg */; };
		D59F44F32AD7642700B05295 /* Marsupial.jpg in Resources */ = {isa = PBXBuildFile; fileRef = D59F44E52AD7642600B05295 /* Marsupial.jpg */; };
		D59F44F42AD7642700B05295 /* Chimpanzee.jpg in Resources */ = {isa = PBXBuildFile; fileRef = D59F44E62AD7642600B05295 /* Chimpanzee.jpg */; };
		D59F44F52AD7642700B05295 /* Egret.jpg in Resources */ = {isa = PBXBuildFile; fileRef = D59F44E72AD7642600B05295 /* Egret.jpg */; };
		D59F44F62AD7642700B05295 /* Peacock.jpg in Resources */ = {isa = PBXBuildFile; fileRef = D59F44E82AD7642600B05295 /* Peacock.jpg */; };
		D59F44F72AD7642700B05295 /* Bats.jpg in Resources */ = {isa = PBXBuildFile; fileRef = D59F44E92AD7642600B05295 /* Bats.jpg */; };
		D59F44F82AD7642700B05295 /* Fox.jpg in Resources */ = {isa = PBXBuildFile; fileRef = D59F44EA2AD7642600B05295 /* Fox.jpg */; };
		D59F44F92AD7642700B05295 /* Iguana.jpg in Resources */ = {isa = PBXBuildFile; fileRef = D59F44EB2AD7642600B05295 /* Iguana.jpg */; };
		D59F44FA2AD7642700B05295 /* Birds.jpg in Resources */ = {isa = PBXBuildFile; fileRef = D59F44EC2AD7642600B05295 /* Birds.jpg */; };
/* End PBXBuildFile section */

/* Begin PBXFileReference section */
		D50B3F9D2AD759440011B1BF /* P02-ImagesViewer.app */ = {isa = PBXFileReference; explicitFileType = wrapper.application; includeInIndex = 0; path = "P02-ImagesViewer.app"; sourceTree = BUILT_PRODUCTS_DIR; };
		D50B3FA02AD759440011B1BF /* AppDelegate.swift */ = {isa = PBXFileReference; lastKnownFileType = sourcecode.swift; path = AppDelegate.swift; sourceTree = "<group>"; };
		D50B3FA22AD759440011B1BF /* SceneDelegate.swift */ = {isa = PBXFileReference; lastKnownFileType = sourcecode.swift; path = SceneDelegate.swift; sourceTree = "<group>"; };
		D50B3FA42AD759440011B1BF /* ViewController.swift */ = {isa = PBXFileReference; lastKnownFileType = sourcecode.swift; path = ViewController.swift; sourceTree = "<group>"; };
		D50B3FA72AD759440011B1BF /* Base */ = {isa = PBXFileReference; lastKnownFileType = file.storyboard; name = Base; path = Base.lproj/Main.storyboard; sourceTree = "<group>"; };
		D50B3FA92AD759460011B1BF /* Assets.xcassets */ = {isa = PBXFileReference; lastKnownFileType = folder.assetcatalog; path = Assets.xcassets; sourceTree = "<group>"; };
		D50B3FAC2AD759460011B1BF /* Base */ = {isa = PBXFileReference; lastKnownFileType = file.storyboard; name = Base; path = Base.lproj/LaunchScreen.storyboard; sourceTree = "<group>"; };
		D50B3FAE2AD759460011B1BF /* Info.plist */ = {isa = PBXFileReference; lastKnownFileType = text.plist.xml; path = Info.plist; sourceTree = "<group>"; };
		D50B3FB42AD75A0C0011B1BF /* ImageViewController.swift */ = {isa = PBXFileReference; lastKnownFileType = sourcecode.swift; path = ImageViewController.swift; sourceTree = "<group>"; };
		D59F44DF2AD7642600B05295 /* Dog.jpg */ = {isa = PBXFileReference; lastKnownFileType = image.jpeg; path = Dog.jpg; sourceTree = "<group>"; };
		D59F44E02AD7642600B05295 /* Dodo.jpg */ = {isa = PBXFileReference; lastKnownFileType = image.jpeg; path = Dodo.jpg; sourceTree = "<group>"; };
		D59F44E12AD7642600B05295 /* Elephant.jpg */ = {isa = PBXFileReference; lastKnownFileType = image.jpeg; path = Elephant.jpg; sourceTree = "<group>"; };
		D59F44E22AD7642600B05295 /* Platypus.jpg */ = {isa = PBXFileReference; lastKnownFileType = image.jpeg; path = Platypus.jpg; sourceTree = "<group>"; };
		D59F44E32AD7642600B05295 /* Octopus.jpg */ = {isa = PBXFileReference; lastKnownFileType = image.jpeg; path = Octopus.jpg; sourceTree = "<group>"; };
		D59F44E42AD7642600B05295 /* Kangaroo.jpg */ = {isa = PBXFileReference; lastKnownFileType = image.jpeg; path = Kangaroo.jpg; sourceTree = "<group>"; };
		D59F44E52AD7642600B05295 /* Marsupial.jpg */ = {isa = PBXFileReference; lastKnownFileType = image.jpeg; path = Marsupial.jpg; sourceTree = "<group>"; };
		D59F44E62AD7642600B05295 /* Chimpanzee.jpg */ = {isa = PBXFileReference; lastKnownFileType = image.jpeg; path = Chimpanzee.jpg; sourceTree = "<group>"; };
		D59F44E72AD7642600B05295 /* Egret.jpg */ = {isa = PBXFileReference; lastKnownFileType = image.jpeg; path = Egret.jpg; sourceTree = "<group>"; };
		D59F44E82AD7642600B05295 /* Peacock.jpg */ = {isa = PBXFileReference; lastKnownFileType = image.jpeg; path = Peacock.jpg; sourceTree = "<group>"; };
		D59F44E92AD7642600B05295 /* Bats.jpg */ = {isa = PBXFileReference; lastKnownFileType = image.jpeg; path = Bats.jpg; sourceTree = "<group>"; };
		D59F44EA2AD7642600B05295 /* Fox.jpg */ = {isa = PBXFileReference; lastKnownFileType = image.jpeg; path = Fox.jpg; sourceTree = "<group>"; };
		D59F44EB2AD7642600B05295 /* Iguana.jpg */ = {isa = PBXFileReference; lastKnownFileType = image.jpeg; path = Iguana.jpg; sourceTree = "<group>"; };
		D59F44EC2AD7642600B05295 /* Birds.jpg */ = {isa = PBXFileReference; lastKnownFileType = image.jpeg; path = Birds.jpg; sourceTree = "<group>"; };
/* End PBXFileReference section */

/* Begin PBXFrameworksBuildPhase section */
		D50B3F9A2AD759440011B1BF /* Frameworks */ = {
			isa = PBXFrameworksBuildPhase;
			buildActionMask = 2147483647;
			files = (
			);
			runOnlyForDeploymentPostprocessing = 0;
		};
/* End PBXFrameworksBuildPhase section */

/* Begin PBXGroup section */
		D50B3F942AD759440011B1BF = {
			isa = PBXGroup;
			children = (
				D50B3F9F2AD759440011B1BF /* P02-ImagesViewer */,
				D50B3F9E2AD759440011B1BF /* Products */,
			);
			sourceTree = "<group>";
		};
		D50B3F9E2AD759440011B1BF /* Products */ = {
			isa = PBXGroup;
			children = (
				D50B3F9D2AD759440011B1BF /* P02-ImagesViewer.app */,
			);
			name = Products;
			sourceTree = "<group>";
		};
		D50B3F9F2AD759440011B1BF /* P02-ImagesViewer */ = {
			isa = PBXGroup;
			children = (
				D50B3FA02AD759440011B1BF /* AppDelegate.swift */,
				D50B3FA22AD759440011B1BF /* SceneDelegate.swift */,
				D50B3FA42AD759440011B1BF /* ViewController.swift */,
				D50B3FB42AD75A0C0011B1BF /* ImageViewController.swift */,
				D50B3FA62AD759440011B1BF /* Main.storyboard */,
				D50B3FA92AD759460011B1BF /* Assets.xcassets */,
				D50B3FAB2AD759460011B1BF /* LaunchScreen.storyboard */,
				D50B3FAE2AD759460011B1BF /* Info.plist */,
				D59F44DE2AD7642600B05295 /* Content */,
			);
			path = "P02-ImagesViewer";
			sourceTree = "<group>";
		};
		D59F44DE2AD7642600B05295 /* Content */ = {
			isa = PBXGroup;
			children = (
				D59F44DF2AD7642600B05295 /* Dog.jpg */,
				D59F44E02AD7642600B05295 /* Dodo.jpg */,
				D59F44E12AD7642600B05295 /* Elephant.jpg */,
				D59F44E22AD7642600B05295 /* Platypus.jpg */,
				D59F44E32AD7642600B05295 /* Octopus.jpg */,
				D59F44E42AD7642600B05295 /* Kangaroo.jpg */,
				D59F44E52AD7642600B05295 /* Marsupial.jpg */,
				D59F44E62AD7642600B05295 /* Chimpanzee.jpg */,
				D59F44E72AD7642600B05295 /* Egret.jpg */,
				D59F44E82AD7642600B05295 /* Peacock.jpg */,
				D59F44E92AD7642600B05295 /* Bats.jpg */,
				D59F44EA2AD7642600B05295 /* Fox.jpg */,
				D59F44EB2AD7642600B05295 /* Iguana.jpg */,
				D59F44EC2AD7642600B05295 /* Birds.jpg */,
			);
			path = Content;
			sourceTree = "<group>";
		};
/* End PBXGroup section */

/* Begin PBXNativeTarget section */
		D50B3F9C2AD759440011B1BF /* P02-ImagesViewer */ = {
			isa = PBXNativeTarget;
			buildConfigurationList = D50B3FB12AD759460011B1BF /* Build configuration list for PBXNativeTarget "P02-ImagesViewer" */;
			buildPhases = (
				D50B3F992AD759440011B1BF /* Sources */,
				D50B3F9A2AD759440011B1BF /* Frameworks */,
				D50B3F9B2AD759440011B1BF /* Resources */,
			);
			buildRules = (
			);
			dependencies = (
			);
			name = "P02-ImagesViewer";
			productName = "P02-ImagesViewer";
			productReference = D50B3F9D2AD759440011B1BF /* P02-ImagesViewer.app */;
			productType = "com.apple.product-type.application";
		};
/* End PBXNativeTarget section */

/* Begin PBXProject section */
		D50B3F952AD759440011B1BF /* Project object */ = {
			isa = PBXProject;
			attributes = {
				BuildIndependentTargetsInParallel = 1;
				LastSwiftUpdateCheck = 1500;
				LastUpgradeCheck = 1500;
				TargetAttributes = {
					D50B3F9C2AD759440011B1BF = {
						CreatedOnToolsVersion = 15.0;
					};
				};
			};
			buildConfigurationList = D50B3F982AD759440011B1BF /* Build configuration list for PBXProject "P02-ImagesViewer" */;
			compatibilityVersion = "Xcode 14.0";
			developmentRegion = en;
			hasScannedForEncodings = 0;
			knownRegions = (
				en,
				Base,
			);
			mainGroup = D50B3F942AD759440011B1BF;
			productRefGroup = D50B3F9E2AD759440011B1BF /* Products */;
			projectDirPath = "";
			projectRoot = "";
			targets = (
				D50B3F9C2AD759440011B1BF /* P02-ImagesViewer */,
			);
		};
/* End PBXProject section */

/* Begin PBXResourcesBuildPhase section */
		D50B3F9B2AD759440011B1BF /* Resources */ = {
			isa = PBXResourcesBuildPhase;
			buildActionMask = 2147483647;
			files = (
				D59F44FA2AD7642700B05295 /* Birds.jpg in Resources */,
				D59F44ED2AD7642700B05295 /* Dog.jpg in Resources */,
				D59F44F22AD7642700B05295 /* Kangaroo.jpg in Resources */,
				D59F44F32AD7642700B05295 /* Marsupial.jpg in Resources */,
				D59F44F52AD7642700B05295 /* Egret.jpg in Resources */,
				D50B3FAD2AD759460011B1BF /* LaunchScreen.storyboard in Resources */,
				D59F44EE2AD7642700B05295 /* Dodo.jpg in Resources */,
				D50B3FAA2AD759460011B1BF /* Assets.xcassets in Resources */,
				D59F44F02AD7642700B05295 /* Platypus.jpg in Resources */,
				D59F44EF2AD7642700B05295 /* Elephant.jpg in Resources */,
				D59F44F82AD7642700B05295 /* Fox.jpg in Resources */,
				D59F44F72AD7642700B05295 /* Bats.jpg in Resources */,
				D59F44F62AD7642700B05295 /* Peacock.jpg in Resources */,
				D50B3FA82AD759440011B1BF /* Main.storyboard in Resources */,
				D59F44F42AD7642700B05295 /* Chimpanzee.jpg in Resources */,
				D59F44F92AD7642700B05295 /* Iguana.jpg in Resources */,
				D59F44F12AD7642700B05295 /* Octopus.jpg in Resources */,
			);
			runOnlyForDeploymentPostprocessing = 0;
		};
/* End PBXResourcesBuildPhase section */

/* Begin PBXSourcesBuildPhase section */
		D50B3F992AD759440011B1BF /* Sources */ = {
			isa = PBXSourcesBuildPhase;
			buildActionMask = 2147483647;
			files = (
				D50B3FA52AD759440011B1BF /* ViewController.swift in Sources */,
				D50B3FA12AD759440011B1BF /* AppDelegate.swift in Sources */,
				D50B3FB52AD75A0C0011B1BF /* ImageViewController.swift in Sources */,
				D50B3FA32AD759440011B1BF /* SceneDelegate.swift in Sources */,
			);
			runOnlyForDeploymentPostprocessing = 0;
		};
/* End PBXSourcesBuildPhase section */

/* Begin PBXVariantGroup section */
		D50B3FA62AD759440011B1BF /* Main.storyboard */ = {
			isa = PBXVariantGroup;
			children = (
				D50B3FA72AD759440011B1BF /* Base */,
			);
			name = Main.storyboard;
			sourceTree = "<group>";
		};
		D50B3FAB2AD759460011B1BF /* LaunchScreen.storyboard */ = {
			isa = PBXVariantGroup;
			children = (
				D50B3FAC2AD759460011B1BF /* Base */,
			);
			name = LaunchScreen.storyboard;
			sourceTree = "<group>";
		};
/* End PBXVariantGroup section */

/* Begin XCBuildConfiguration section */
		D50B3FAF2AD759460011B1BF /* Debug */ = {
			isa = XCBuildConfiguration;
			buildSettings = {
				ALWAYS_SEARCH_USER_PATHS = NO;
				ASSETCATALOG_COMPILER_GENERATE_SWIFT_ASSET_SYMBOL_EXTENSIONS = YES;
				CLANG_ANALYZER_NONNULL = YES;
				CLANG_ANALYZER_NUMBER_OBJECT_CONVERSION = YES_AGGRESSIVE;
				CLANG_CXX_LANGUAGE_STANDARD = "gnu++20";
				CLANG_ENABLE_MODULES = YES;
				CLANG_ENABLE_OBJC_ARC = YES;
				CLANG_ENABLE_OBJC_WEAK = YES;
				CLANG_WARN_BLOCK_CAPTURE_AUTORELEASING = YES;
				CLANG_WARN_BOOL_CONVERSION = YES;
				CLANG_WARN_COMMA = YES;
				CLANG_WARN_CONSTANT_CONVERSION = YES;
				CLANG_WARN_DEPRECATED_OBJC_IMPLEMENTATIONS = YES;
				CLANG_WARN_DIRECT_OBJC_ISA_USAGE = YES_ERROR;
				CLANG_WARN_DOCUMENTATION_COMMENTS = YES;
				CLANG_WARN_EMPTY_BODY = YES;
				CLANG_WARN_ENUM_CONVERSION = YES;
				CLANG_WARN_INFINITE_RECURSION = YES;
				CLANG_WARN_INT_CONVERSION = YES;
				CLANG_WARN_NON_LITERAL_NULL_CONVERSION = YES;
				CLANG_WARN_OBJC_IMPLICIT_RETAIN_SELF = YES;
				CLANG_WARN_OBJC_LITERAL_CONVERSION = YES;
				CLANG_WARN_OBJC_ROOT_CLASS = YES_ERROR;
				CLANG_WARN_QUOTED_INCLUDE_IN_FRAMEWORK_HEADER = YES;
				CLANG_WARN_RANGE_LOOP_ANALYSIS = YES;
				CLANG_WARN_STRICT_PROTOTYPES = YES;
				CLANG_WARN_SUSPICIOUS_MOVE = YES;
				CLANG_WARN_UNGUARDED_AVAILABILITY = YES_AGGRESSIVE;
				CLANG_WARN_UNREACHABLE_CODE = YES;
				CLANG_WARN__DUPLICATE_METHOD_MATCH = YES;
				COPY_PHASE_STRIP = NO;
				DEBUG_INFORMATION_FORMAT = dwarf;
				ENABLE_STRICT_OBJC_MSGSEND = YES;
				ENABLE_TESTABILITY = YES;
				ENABLE_USER_SCRIPT_SANDBOXING = YES;
				GCC_C_LANGUAGE_STANDARD = gnu17;
				GCC_DYNAMIC_NO_PIC = NO;
				GCC_NO_COMMON_BLOCKS = YES;
				GCC_OPTIMIZATION_LEVEL = 0;
				GCC_PREPROCESSOR_DEFINITIONS = (
					"DEBUG=1",
					"$(inherited)",
				);
				GCC_WARN_64_TO_32_BIT_CONVERSION = YES;
				GCC_WARN_ABOUT_RETURN_TYPE = YES_ERROR;
				GCC_WARN_UNDECLARED_SELECTOR = YES;
				GCC_WARN_UNINITIALIZED_AUTOS = YES_AGGRESSIVE;
				GCC_WARN_UNUSED_FUNCTION = YES;
				GCC_WARN_UNUSED_VARIABLE = YES;
				IPHONEOS_DEPLOYMENT_TARGET = 17.0;
				LOCALIZATION_PREFERS_STRING_CATALOGS = YES;
				MTL_ENABLE_DEBUG_INFO = INCLUDE_SOURCE;
				MTL_FAST_MATH = YES;
				ONLY_ACTIVE_ARCH = YES;
				SDKROOT = iphoneos;
				SWIFT_ACTIVE_COMPILATION_CONDITIONS = "DEBUG $(inherited)";
				SWIFT_OPTIMIZATION_LEVEL = "-Onone";
			};
			name = Debug;
		};
		D50B3FB02AD759460011B1BF /* Release */ = {
			isa = XCBuildConfiguration;
			buildSettings = {
				ALWAYS_SEARCH_USER_PATHS = NO;
				ASSETCATALOG_COMPILER_GENERATE_SWIFT_ASSET_SYMBOL_EXTENSIONS = YES;
				CLANG_ANALYZER_NONNULL = YES;
				CLANG_ANALYZER_NUMBER_OBJECT_CONVERSION = YES_AGGRESSIVE;
				CLANG_CXX_LANGUAGE_STANDARD = "gnu++20";
				CLANG_ENABLE_MODULES = YES;
				CLANG_ENABLE_OBJC_ARC = YES;
				CLANG_ENABLE_OBJC_WEAK = YES;
				CLANG_WARN_BLOCK_CAPTURE_AUTORELEASING = YES;
				CLANG_WARN_BOOL_CONVERSION = YES;
				CLANG_WARN_COMMA = YES;
				CLANG_WARN_CONSTANT_CONVERSION = YES;
				CLANG_WARN_DEPRECATED_OBJC_IMPLEMENTATIONS = YES;
				CLANG_WARN_DIRECT_OBJC_ISA_USAGE = YES_ERROR;
				CLANG_WARN_DOCUMENTATION_COMMENTS = YES;
				CLANG_WARN_EMPTY_BODY = YES;
				CLANG_WARN_ENUM_CONVERSION = YES;
				CLANG_WARN_INFINITE_RECURSION = YES;
				CLANG_WARN_INT_CONVERSION = YES;
				CLANG_WARN_NON_LITERAL_NULL_CONVERSION = YES;
				CLANG_WARN_OBJC_IMPLICIT_RETAIN_SELF = YES;
				CLANG_WARN_OBJC_LITERAL_CONVERSION = YES;
				CLANG_WARN_OBJC_ROOT_CLASS = YES_ERROR;
				CLANG_WARN_QUOTED_INCLUDE_IN_FRAMEWORK_HEADER = YES;
				CLANG_WARN_RANGE_LOOP_ANALYSIS = YES;
				CLANG_WARN_STRICT_PROTOTYPES = YES;
				CLANG_WARN_SUSPICIOUS_MOVE = YES;
				CLANG_WARN_UNGUARDED_AVAILABILITY = YES_AGGRESSIVE;
				CLANG_WARN_UNREACHABLE_CODE = YES;
				CLANG_WARN__DUPLICATE_METHOD_MATCH = YES;
				COPY_PHASE_STRIP = NO;
				DEBUG_INFORMATION_FORMAT = "dwarf-with-dsym";
				ENABLE_NS_ASSERTIONS = NO;
				ENABLE_STRICT_OBJC_MSGSEND = YES;
				ENABLE_USER_SCRIPT_SANDBOXING = YES;
				GCC_C_LANGUAGE_STANDARD = gnu17;
				GCC_NO_COMMON_BLOCKS = YES;
				GCC_WARN_64_TO_32_BIT_CONVERSION = YES;
				GCC_WARN_ABOUT_RETURN_TYPE = YES_ERROR;
				GCC_WARN_UNDECLARED_SELECTOR = YES;
				GCC_WARN_UNINITIALIZED_AUTOS = YES_AGGRESSIVE;
				GCC_WARN_UNUSED_FUNCTION = YES;
				GCC_WARN_UNUSED_VARIABLE = YES;
				IPHONEOS_DEPLOYMENT_TARGET = 17.0;
				LOCALIZATION_PREFERS_STRING_CATALOGS = YES;
				MTL_ENABLE_DEBUG_INFO = NO;
				MTL_FAST_MATH = YES;
				SDKROOT = iphoneos;
				SWIFT_COMPILATION_MODE = wholemodule;
				VALIDATE_PRODUCT = YES;
			};
			name = Release;
		};
		D50B3FB22AD759460011B1BF /* Debug */ = {
			isa = XCBuildConfiguration;
			buildSettings = {
				ASSETCATALOG_COMPILER_APPICON_NAME = AppIcon;
				ASSETCATALOG_COMPILER_GLOBAL_ACCENT_COLOR_NAME = AccentColor;
				CODE_SIGN_STYLE = Automatic;
				CURRENT_PROJECT_VERSION = 1;
				GENERATE_INFOPLIST_FILE = YES;
				INFOPLIST_FILE = "P02-ImagesViewer/Info.plist";
				INFOPLIST_KEY_UIApplicationSupportsIndirectInputEvents = YES;
				INFOPLIST_KEY_UILaunchStoryboardName = LaunchScreen;
				INFOPLIST_KEY_UIMainStoryboardFile = Main;
				INFOPLIST_KEY_UISupportedInterfaceOrientations_iPad = "UIInterfaceOrientationPortrait UIInterfaceOrientationPortraitUpsideDown UIInterfaceOrientationLandscapeLeft UIInterfaceOrientationLandscapeRight";
				INFOPLIST_KEY_UISupportedInterfaceOrientations_iPhone = "UIInterfaceOrientationPortrait UIInterfaceOrientationLandscapeLeft UIInterfaceOrientationLandscapeRight";
				IPHONEOS_DEPLOYMENT_TARGET = 15.0;
				LD_RUNPATH_SEARCH_PATHS = (
					"$(inherited)",
					"@executable_path/Frameworks",
				);
				MARKETING_VERSION = 1.0;
				PRODUCT_BUNDLE_IDENTIFIER = "com.battian.P02-ImagesViewer";
				PRODUCT_NAME = "$(TARGET_NAME)";
				SWIFT_EMIT_LOC_STRINGS = YES;
				SWIFT_VERSION = 5.0;
				TARGETED_DEVICE_FAMILY = "1,2";
			};
			name = Debug;
		};
		D50B3FB32AD759460011B1BF /* Release */ = {
			isa = XCBuildConfiguration;
			buildSettings = {
				ASSETCATALOG_COMPILER_APPICON_NAME = AppIcon;
				ASSETCATALOG_COMPILER_GLOBAL_ACCENT_COLOR_NAME = AccentColor;
				CODE_SIGN_STYLE = Automatic;
				CURRENT_PROJECT_VERSION = 1;
				GENERATE_INFOPLIST_FILE = YES;
				INFOPLIST_FILE = "P02-ImagesViewer/Info.plist";
				INFOPLIST_KEY_UIApplicationSupportsIndirectInputEvents = YES;
				INFOPLIST_KEY_UILaunchStoryboardName = LaunchScreen;
				INFOPLIST_KEY_UIMainStoryboardFile = Main;
				INFOPLIST_KEY_UISupportedInterfaceOrientations_iPad = "UIInterfaceOrientationPortrait UIInterfaceOrientationPortraitUpsideDown UIInterfaceOrientationLandscapeLeft UIInterfaceOrientationLandscapeRight";
				INFOPLIST_KEY_UISupportedInterfaceOrientations_iPhone = "UIInterfaceOrientationPortrait UIInterfaceOrientationLandscapeLeft UIInterfaceOrientationLandscapeRight";
				IPHONEOS_DEPLOYMENT_TARGET = 15.0;
				LD_RUNPATH_SEARCH_PATHS = (
					"$(inherited)",
					"@executable_path/Frameworks",
				);
				MARKETING_VERSION = 1.0;
				PRODUCT_BUNDLE_IDENTIFIER = "com.battian.P02-ImagesViewer";
				PRODUCT_NAME = "$(TARGET_NAME)";
				SWIFT_EMIT_LOC_STRINGS = YES;
				SWIFT_VERSION = 5.0;
				TARGETED_DEVICE_FAMILY = "1,2";
			};
			name = Release;
		};
/* End XCBuildConfiguration section */

/* Begin XCConfigurationList section */
		D50B3F982AD759440011B1BF /* Build configuration list for PBXProject "P02-ImagesViewer" */ = {
			isa = XCConfigurationList;
			buildConfigurations = (
				D50B3FAF2AD759460011B1BF /* Debug */,
				D50B3FB02AD759460011B1BF /* Release */,
			);
			defaultConfigurationIsVisible = 0;
			defaultConfigurationName = Release;
		};
		D50B3FB12AD759460011B1BF /* Build configuration list for PBXNativeTarget "P02-ImagesViewer" */ = {
			isa = XCConfigurationList;
			buildConfigurations = (
				D50B3FB22AD759460011B1BF /* Debug */,
				D50B3FB32AD759460011B1BF /* Release */,
			);
			defaultConfigurationIsVisible = 0;
			defaultConfigurationName = Release;
		};
/* End XCConfigurationList section */
	};
	rootObject = D50B3F952AD759440011B1BF /* Project object */;
}
